
Microsoft Visual Studio Solution File, Format Version 12.00
Project("{FAE04EC0-301F-11D3-BF4B-00C04F79EFBC}") = "SymmetricEncryption", "SymmetricEncryption\SymmetricEncryption.csproj", "{BEB529E0-85FC-4E94-9770-E067B178B9AC}"
EndProject
Global
	GlobalSection(SolutionConfigurationPlatforms) = preSolution
		Debug|Any CPU = Debug|Any CPU
		Release|Any CPU = Release|Any CPU
	EndGlobalSection
	GlobalSection(ProjectConfigurationPlatforms) = postSolution
		{BEB529E0-85FC-4E94-9770-E067B178B9AC}.Debug|Any CPU.ActiveCfg = Debug|Any CPU
		{BEB529E0-85FC-4E94-9770-E067B178B9AC}.Debug|Any CPU.Build.0 = Debug|Any CPU
		{BEB529E0-85FC-4E94-9770-E067B178B9AC}.Release|Any CPU.ActiveCfg = Release|Any CPU
		{BEB529E0-85FC-4E94-9770-E067B178B9AC}.Release|Any CPU.Build.0 = Release|Any CPU
	EndGlobalSection
EndGlobal
